
Microsoft Visual Studio Solution File, Format Version 12.00
# Visual Studio Version 17
VisualStudioVersion = 17.11.35208.52
MinimumVisualStudioVersion = 10.0.40219.1
Project("{FAE04EC0-301F-11D3-BF4B-00C04F79EFBC}") = "IOT.Api", "IOT.API\IOT.Api.csproj", "{252C69CC-96D0-4762-9D87-6CBCEF8DB205}"
EndProject
Project("{FAE04EC0-301F-11D3-BF4B-00C04F79EFBC}") = "IOT.Business", "IOT.Business\IOT.Business.csproj", "{6B743A61-2561-4D3F-A43C-9B6A82365389}"
EndProject
Project("{FAE04EC0-301F-11D3-BF4B-00C04F79EFBC}") = "IOT.Data", "IOT.Data\IOT.Data.csproj", "{254CCCC0-F8DA-45D4-A92F-2B93ECE3FEA7}"
EndProject
Project("{FAE04EC0-301F-11D3-BF4B-00C04F79EFBC}") = "IOT.Entities", "IOT.Entities\IOT.Entities.csproj", "{7CCD115B-82F0-4611-B91B-057C3F104B33}"
EndProject
Global
	GlobalSection(SolutionConfigurationPlatforms) = preSolution
		Debug|Any CPU = Debug|Any CPU
		Release|Any CPU = Release|Any CPU
	EndGlobalSection
	GlobalSection(ProjectConfigurationPlatforms) = postSolution
		{252C69CC-96D0-4762-9D87-6CBCEF8DB205}.Debug|Any CPU.ActiveCfg = Debug|Any CPU
		{252C69CC-96D0-4762-9D87-6CBCEF8DB205}.Debug|Any CPU.Build.0 = Debug|Any CPU
		{252C69CC-96D0-4762-9D87-6CBCEF8DB205}.Release|Any CPU.ActiveCfg = Release|Any CPU
		{252C69CC-96D0-4762-9D87-6CBCEF8DB205}.Release|Any CPU.Build.0 = Release|Any CPU
		{6B743A61-2561-4D3F-A43C-9B6A82365389}.Debug|Any CPU.ActiveCfg = Debug|Any CPU
		{6B743A61-2561-4D3F-A43C-9B6A82365389}.Debug|Any CPU.Build.0 = Debug|Any CPU
		{6B743A61-2561-4D3F-A43C-9B6A82365389}.Release|Any CPU.ActiveCfg = Release|Any CPU
		{6B743A61-2561-4D3F-A43C-9B6A82365389}.Release|Any CPU.Build.0 = Release|Any CPU
		{254CCCC0-F8DA-45D4-A92F-2B93ECE3FEA7}.Debug|Any CPU.ActiveCfg = Debug|Any CPU
		{254CCCC0-F8DA-45D4-A92F-2B93ECE3FEA7}.Debug|Any CPU.Build.0 = Debug|Any CPU
		{254CCCC0-F8DA-45D4-A92F-2B93ECE3FEA7}.Release|Any CPU.ActiveCfg = Release|Any CPU
		{254CCCC0-F8DA-45D4-A92F-2B93ECE3FEA7}.Release|Any CPU.Build.0 = Release|Any CPU
		{7CCD115B-82F0-4611-B91B-057C3F104B33}.Debug|Any CPU.ActiveCfg = Debug|Any CPU
		{7CCD115B-82F0-4611-B91B-057C3F104B33}.Debug|Any CPU.Build.0 = Debug|Any CPU
		{7CCD115B-82F0-4611-B91B-057C3F104B33}.Release|Any CPU.ActiveCfg = Release|Any CPU
		{7CCD115B-82F0-4611-B91B-057C3F104B33}.Release|Any CPU.Build.0 = Release|Any CPU
	EndGlobalSection
	GlobalSection(SolutionProperties) = preSolution
		HideSolutionNode = FALSE
	EndGlobalSection
	GlobalSection(ExtensibilityGlobals) = postSolution
		SolutionGuid = {8FDBA8F3-9F50-4872-90C0-E885C5360AF3}
	EndGlobalSection
EndGlobal
